
Microsoft Visual Studio Solution File, Format Version 12.00
# Visual Studio Version 16
VisualStudioVersion = 16.0.31727.386
MinimumVisualStudioVersion = 10.0.40219.1
Project("{FAE04EC0-301F-11D3-BF4B-00C04F79EFBC}") = "CoreWebapi", "CoreWebapi\CoreWebapi.csproj", "{FC5E8210-8E1D-4D94-B488-E2D0443D902F}"
EndProject
Global
	GlobalSection(SolutionConfigurationPlatforms) = preSolution
		Debug|Any CPU = Debug|Any CPU
		Release|Any CPU = Release|Any CPU
	EndGlobalSection
	GlobalSection(ProjectConfigurationPlatforms) = postSolution
		{FC5E8210-8E1D-4D94-B488-E2D0443D902F}.Debug|Any CPU.ActiveCfg = Debug|Any CPU
		{FC5E8210-8E1D-4D94-B488-E2D0443D902F}.Debug|Any CPU.Build.0 = Debug|Any CPU
		{FC5E8210-8E1D-4D94-B488-E2D0443D902F}.Release|Any CPU.ActiveCfg = Release|Any CPU
		{FC5E8210-8E1D-4D94-B488-E2D0443D902F}.Release|Any CPU.Build.0 = Release|Any CPU
	EndGlobalSection
	GlobalSection(SolutionProperties) = preSolution
		HideSolutionNode = FALSE
	EndGlobalSection
	GlobalSection(ExtensibilityGlobals) = postSolution
		SolutionGuid = {966CE1E1-60AC-4810-9CF2-853826D63ED2}
	EndGlobalSection
EndGlobal
